
Microsoft Visual Studio Solution File, Format Version 12.00
# Visual Studio Version 17
VisualStudioVersion = 17.10.35013.160
MinimumVisualStudioVersion = 10.0.40219.1
Project("{FAE04EC0-301F-11D3-BF4B-00C04F79EFBC}") = "BuilderAssignment", "BuilderAssignment.csproj", "{363838BB-EBE7-43DF-98F0-E91C397794AD}"
EndProject
Global
	GlobalSection(SolutionConfigurationPlatforms) = preSolution
		Debug|Any CPU = Debug|Any CPU
		Release|Any CPU = Release|Any CPU
	EndGlobalSection
	GlobalSection(ProjectConfigurationPlatforms) = postSolution
		{363838BB-EBE7-43DF-98F0-E91C397794AD}.Debug|Any CPU.ActiveCfg = Debug|Any CPU
		{363838BB-EBE7-43DF-98F0-E91C397794AD}.Debug|Any CPU.Build.0 = Debug|Any CPU
		{363838BB-EBE7-43DF-98F0-E91C397794AD}.Release|Any CPU.ActiveCfg = Release|Any CPU
		{363838BB-EBE7-43DF-98F0-E91C397794AD}.Release|Any CPU.Build.0 = Release|Any CPU
	EndGlobalSection
	GlobalSection(SolutionProperties) = preSolution
		HideSolutionNode = FALSE
	EndGlobalSection
	GlobalSection(ExtensibilityGlobals) = postSolution
		SolutionGuid = {9391223D-3B6D-403B-8077-31544A83BC80}
	EndGlobalSection
EndGlobal
